
Microsoft Visual Studio Solution File, Format Version 12.00
# Visual Studio Version 17
VisualStudioVersion = 17.13.35931.197 d17.13
MinimumVisualStudioVersion = 10.0.40219.1
Project("{8BC9CEB8-8B4A-11D0-8D11-00A0C91BC942}") = "FlameDate", "FlameDate\FlameDate.vcxproj", "{B718B161-D7C2-4607-A0AC-46A8F6EC4316}"
EndProject
Global
	GlobalSection(SolutionConfigurationPlatforms) = preSolution
		Release|x64 = Release|x64
	EndGlobalSection
	GlobalSection(ProjectConfigurationPlatforms) = postSolution
		{B718B161-D7C2-4607-A0AC-46A8F6EC4316}.Release|x64.ActiveCfg = Release|x64
		{B718B161-D7C2-4607-A0AC-46A8F6EC4316}.Release|x64.Build.0 = Release|x64
	EndGlobalSection
	GlobalSection(SolutionProperties) = preSolution
		HideSolutionNode = FALSE
	EndGlobalSection
	GlobalSection(ExtensibilityGlobals) = postSolution
		SolutionGuid = {BAC8E6F9-91D2-4CF7-A699-2C8B9B21D070}
	EndGlobalSection
EndGlobal
